
Microsoft Visual Studio Solution File, Format Version 12.00
# Visual Studio Version 17
VisualStudioVersion = 17.11.35017.193
MinimumVisualStudioVersion = 10.0.40219.1
Project("{FAE04EC0-301F-11D3-BF4B-00C04F79EFBC}") = "Project_Server", "Project_Server\Project_Server.csproj", "{12B26351-09D9-4A7A-B293-F568F29AAF10}"
EndProject
Global
	GlobalSection(SolutionConfigurationPlatforms) = preSolution
		Debug|Any CPU = Debug|Any CPU
		Release|Any CPU = Release|Any CPU
	EndGlobalSection
	GlobalSection(ProjectConfigurationPlatforms) = postSolution
		{12B26351-09D9-4A7A-B293-F568F29AAF10}.Debug|Any CPU.ActiveCfg = Debug|Any CPU
		{12B26351-09D9-4A7A-B293-F568F29AAF10}.Debug|Any CPU.Build.0 = Debug|Any CPU
		{12B26351-09D9-4A7A-B293-F568F29AAF10}.Release|Any CPU.ActiveCfg = Release|Any CPU
		{12B26351-09D9-4A7A-B293-F568F29AAF10}.Release|Any CPU.Build.0 = Release|Any CPU
	EndGlobalSection
	GlobalSection(SolutionProperties) = preSolution
		HideSolutionNode = FALSE
	EndGlobalSection
	GlobalSection(ExtensibilityGlobals) = postSolution
		SolutionGuid = {CBB95B61-DFB2-40CD-9DB1-4E352D189631}
	EndGlobalSection
EndGlobal
